
Microsoft Visual Studio Solution File, Format Version 12.00
# Visual Studio Version 17
VisualStudioVersion = 17.9.34407.89
MinimumVisualStudioVersion = 10.0.40219.1
Project("{9A19103F-16F7-4668-BE54-9A1E7A4F7556}") = "StarWars", "StarWars\StarWars.csproj", "{24A91D61-5BE7-47B7-ACDD-2A9451CB74D0}"
EndProject
Project("{9A19103F-16F7-4668-BE54-9A1E7A4F7556}") = "PatientGraphql", "AspNetCore\PatientGraphql.csproj", "{47DB1F2D-9D96-4478-B14C-9B8DEC37061C}"
EndProject
Global
	GlobalSection(SolutionConfigurationPlatforms) = preSolution
		Debug|Any CPU = Debug|Any CPU
		Release|Any CPU = Release|Any CPU
	EndGlobalSection
	GlobalSection(ProjectConfigurationPlatforms) = postSolution
		{24A91D61-5BE7-47B7-ACDD-2A9451CB74D0}.Debug|Any CPU.ActiveCfg = Debug|Any CPU
		{24A91D61-5BE7-47B7-ACDD-2A9451CB74D0}.Debug|Any CPU.Build.0 = Debug|Any CPU
		{24A91D61-5BE7-47B7-ACDD-2A9451CB74D0}.Release|Any CPU.ActiveCfg = Release|Any CPU
		{24A91D61-5BE7-47B7-ACDD-2A9451CB74D0}.Release|Any CPU.Build.0 = Release|Any CPU
		{47DB1F2D-9D96-4478-B14C-9B8DEC37061C}.Debug|Any CPU.ActiveCfg = Debug|Any CPU
		{47DB1F2D-9D96-4478-B14C-9B8DEC37061C}.Debug|Any CPU.Build.0 = Debug|Any CPU
		{47DB1F2D-9D96-4478-B14C-9B8DEC37061C}.Release|Any CPU.ActiveCfg = Release|Any CPU
		{47DB1F2D-9D96-4478-B14C-9B8DEC37061C}.Release|Any CPU.Build.0 = Release|Any CPU
	EndGlobalSection
	GlobalSection(SolutionProperties) = preSolution
		HideSolutionNode = FALSE
	EndGlobalSection
	GlobalSection(ExtensibilityGlobals) = postSolution
		SolutionGuid = {D3F11ED8-5274-47E8-80B8-3739DD886DDA}
	EndGlobalSection
EndGlobal
